
Microsoft Visual Studio Solution File, Format Version 12.00
# Visual Studio Version 16
VisualStudioVersion = 16.0.31515.178
MinimumVisualStudioVersion = 10.0.40219.1
Project("{9A19103F-16F7-4668-BE54-9A1E7A4F7556}") = "Loterias.Robot", "Loterias.Robot\Loterias.Robot.csproj", "{31185D6E-D1B7-452D-9204-59BF049C7FA8}"
EndProject
Project("{2150E333-8FDC-42A3-9474-1A3956D46DE8}") = "Application", "Application", "{5D57F25F-ED88-4EBF-ADA1-E3FCB467F585}"
EndProject
Project("{9A19103F-16F7-4668-BE54-9A1E7A4F7556}") = "Loterias.Application", "Loterias.Application\Loterias.Application.csproj", "{B5DA4C68-3D98-4057-AC63-DDF164045C87}"
EndProject
Project("{2150E333-8FDC-42A3-9474-1A3956D46DE8}") = "Robot", "Robot", "{78BAF604-4D29-4E3A-9EE9-74AE23FF8A52}"
EndProject
Project("{2150E333-8FDC-42A3-9474-1A3956D46DE8}") = "Tests", "Tests", "{4431031D-F569-4DC4-849E-C95CFC0CA821}"
EndProject
Project("{9A19103F-16F7-4668-BE54-9A1E7A4F7556}") = "Loterias.Test", "Loterias.Testes\Loterias.Test.csproj", "{1A84685C-538B-484E-8EF2-5392ED515007}"
EndProject
Project("{2150E333-8FDC-42A3-9474-1A3956D46DE8}") = "Infra", "Infra", "{D9DD489B-CCBA-4A81-A4AF-8DF1CE5E3B5E}"
EndProject
Project("{FAE04EC0-301F-11D3-BF4B-00C04F79EFBC}") = "Loterias.Infra", "Loterias.Infra\Loterias.Infra.csproj", "{803E8367-23CF-4FB5-8F0C-32FDF93E6456}"
EndProject
Global
	GlobalSection(SolutionConfigurationPlatforms) = preSolution
		Debug|Any CPU = Debug|Any CPU
		Release|Any CPU = Release|Any CPU
	EndGlobalSection
	GlobalSection(ProjectConfigurationPlatforms) = postSolution
		{31185D6E-D1B7-452D-9204-59BF049C7FA8}.Debug|Any CPU.ActiveCfg = Debug|Any CPU
		{31185D6E-D1B7-452D-9204-59BF049C7FA8}.Debug|Any CPU.Build.0 = Debug|Any CPU
		{31185D6E-D1B7-452D-9204-59BF049C7FA8}.Release|Any CPU.ActiveCfg = Release|Any CPU
		{31185D6E-D1B7-452D-9204-59BF049C7FA8}.Release|Any CPU.Build.0 = Release|Any CPU
		{B5DA4C68-3D98-4057-AC63-DDF164045C87}.Debug|Any CPU.ActiveCfg = Debug|Any CPU
		{B5DA4C68-3D98-4057-AC63-DDF164045C87}.Debug|Any CPU.Build.0 = Debug|Any CPU
		{B5DA4C68-3D98-4057-AC63-DDF164045C87}.Release|Any CPU.ActiveCfg = Release|Any CPU
		{B5DA4C68-3D98-4057-AC63-DDF164045C87}.Release|Any CPU.Build.0 = Release|Any CPU
		{1A84685C-538B-484E-8EF2-5392ED515007}.Debug|Any CPU.ActiveCfg = Debug|Any CPU
		{1A84685C-538B-484E-8EF2-5392ED515007}.Debug|Any CPU.Build.0 = Debug|Any CPU
		{1A84685C-538B-484E-8EF2-5392ED515007}.Release|Any CPU.ActiveCfg = Release|Any CPU
		{1A84685C-538B-484E-8EF2-5392ED515007}.Release|Any CPU.Build.0 = Release|Any CPU
		{803E8367-23CF-4FB5-8F0C-32FDF93E6456}.Debug|Any CPU.ActiveCfg = Debug|Any CPU
		{803E8367-23CF-4FB5-8F0C-32FDF93E6456}.Debug|Any CPU.Build.0 = Debug|Any CPU
		{803E8367-23CF-4FB5-8F0C-32FDF93E6456}.Release|Any CPU.ActiveCfg = Release|Any CPU
		{803E8367-23CF-4FB5-8F0C-32FDF93E6456}.Release|Any CPU.Build.0 = Release|Any CPU
	EndGlobalSection
	GlobalSection(SolutionProperties) = preSolution
		HideSolutionNode = FALSE
	EndGlobalSection
	GlobalSection(NestedProjects) = preSolution
		{31185D6E-D1B7-452D-9204-59BF049C7FA8} = {78BAF604-4D29-4E3A-9EE9-74AE23FF8A52}
		{B5DA4C68-3D98-4057-AC63-DDF164045C87} = {5D57F25F-ED88-4EBF-ADA1-E3FCB467F585}
		{1A84685C-538B-484E-8EF2-5392ED515007} = {4431031D-F569-4DC4-849E-C95CFC0CA821}
		{803E8367-23CF-4FB5-8F0C-32FDF93E6456} = {D9DD489B-CCBA-4A81-A4AF-8DF1CE5E3B5E}
	EndGlobalSection
	GlobalSection(ExtensibilityGlobals) = postSolution
		SolutionGuid = {C4EEA931-D397-492C-919D-A297269574B5}
	EndGlobalSection
EndGlobal
